
Microsoft Visual Studio Solution File, Format Version 12.00
# Visual Studio Version 16
VisualStudioVersion = 16.0.28917.181
MinimumVisualStudioVersion = 10.0.40219.1
Project("{FAE04EC0-301F-11D3-BF4B-00C04F79EFBC}") = "CAI_EjercicioV", "CAI_EjercicioV\CAI_EjercicioV.csproj", "{5F2338A0-BEF2-4A6D-BDE2-FD25C30F3939}"
EndProject
Global
	GlobalSection(SolutionConfigurationPlatforms) = preSolution
		Debug|Any CPU = Debug|Any CPU
		Release|Any CPU = Release|Any CPU
	EndGlobalSection
	GlobalSection(ProjectConfigurationPlatforms) = postSolution
		{5F2338A0-BEF2-4A6D-BDE2-FD25C30F3939}.Debug|Any CPU.ActiveCfg = Debug|Any CPU
		{5F2338A0-BEF2-4A6D-BDE2-FD25C30F3939}.Debug|Any CPU.Build.0 = Debug|Any CPU
		{5F2338A0-BEF2-4A6D-BDE2-FD25C30F3939}.Release|Any CPU.ActiveCfg = Release|Any CPU
		{5F2338A0-BEF2-4A6D-BDE2-FD25C30F3939}.Release|Any CPU.Build.0 = Release|Any CPU
	EndGlobalSection
	GlobalSection(SolutionProperties) = preSolution
		HideSolutionNode = FALSE
	EndGlobalSection
	GlobalSection(ExtensibilityGlobals) = postSolution
		SolutionGuid = {899E120F-F1CF-4F9B-9642-58BC0B39E17F}
	EndGlobalSection
EndGlobal
